
Microsoft Visual Studio Solution File, Format Version 12.00
# Visual Studio Version 17
VisualStudioVersion = 17.3.32922.545
MinimumVisualStudioVersion = 10.0.40219.1
Project("{FAE04EC0-301F-11D3-BF4B-00C04F79EFBC}") = "WheatherForcast", "WheatherForcast\WheatherForcast.csproj", "{030E46F9-4D4D-4811-B887-2F3AA9730D2D}"
EndProject
Global
	GlobalSection(SolutionConfigurationPlatforms) = preSolution
		Debug|Any CPU = Debug|Any CPU
		Release|Any CPU = Release|Any CPU
	EndGlobalSection
	GlobalSection(ProjectConfigurationPlatforms) = postSolution
		{030E46F9-4D4D-4811-B887-2F3AA9730D2D}.Debug|Any CPU.ActiveCfg = Debug|Any CPU
		{030E46F9-4D4D-4811-B887-2F3AA9730D2D}.Debug|Any CPU.Build.0 = Debug|Any CPU
		{030E46F9-4D4D-4811-B887-2F3AA9730D2D}.Release|Any CPU.ActiveCfg = Release|Any CPU
		{030E46F9-4D4D-4811-B887-2F3AA9730D2D}.Release|Any CPU.Build.0 = Release|Any CPU
	EndGlobalSection
	GlobalSection(SolutionProperties) = preSolution
		HideSolutionNode = FALSE
	EndGlobalSection
	GlobalSection(ExtensibilityGlobals) = postSolution
		SolutionGuid = {FE797A6F-8B41-4880-A302-15B43F60BEE1}
	EndGlobalSection
EndGlobal
